
Microsoft Visual Studio Solution File, Format Version 12.00
# Visual Studio Version 17
VisualStudioVersion = 17.11.35222.181
MinimumVisualStudioVersion = 10.0.40219.1
Project("{9A19103F-16F7-4668-BE54-9A1E7A4F7556}") = "Web_API", "Web_API\Web_API.csproj", "{92EA3336-E230-4438-9042-30A94A29B6B7}"
EndProject
Global
	GlobalSection(SolutionConfigurationPlatforms) = preSolution
		Debug|Any CPU = Debug|Any CPU
		Release|Any CPU = Release|Any CPU
	EndGlobalSection
	GlobalSection(ProjectConfigurationPlatforms) = postSolution
		{92EA3336-E230-4438-9042-30A94A29B6B7}.Debug|Any CPU.ActiveCfg = Debug|Any CPU
		{92EA3336-E230-4438-9042-30A94A29B6B7}.Debug|Any CPU.Build.0 = Debug|Any CPU
		{92EA3336-E230-4438-9042-30A94A29B6B7}.Release|Any CPU.ActiveCfg = Release|Any CPU
		{92EA3336-E230-4438-9042-30A94A29B6B7}.Release|Any CPU.Build.0 = Release|Any CPU
	EndGlobalSection
	GlobalSection(SolutionProperties) = preSolution
		HideSolutionNode = FALSE
	EndGlobalSection
	GlobalSection(ExtensibilityGlobals) = postSolution
		SolutionGuid = {48B34880-9294-4B1D-AD79-AAC953F8687B}
	EndGlobalSection
EndGlobal
